
Microsoft Visual Studio Solution File, Format Version 12.00
# Visual Studio Version 16
VisualStudioVersion = 16.0.32228.343
MinimumVisualStudioVersion = 10.0.40219.1
Project("{FAE04EC0-301F-11D3-BF4B-00C04F79EFBC}") = "photo-editor", "photo-editor.csproj", "{305A6B58-39D5-48F0-AFBB-603ED1B3449B}"
EndProject
Global
	GlobalSection(SolutionConfigurationPlatforms) = preSolution
		Debug|Any CPU = Debug|Any CPU
		Release|Any CPU = Release|Any CPU
	EndGlobalSection
	GlobalSection(ProjectConfigurationPlatforms) = postSolution
		{305A6B58-39D5-48F0-AFBB-603ED1B3449B}.Debug|Any CPU.ActiveCfg = Debug|Any CPU
		{305A6B58-39D5-48F0-AFBB-603ED1B3449B}.Debug|Any CPU.Build.0 = Debug|Any CPU
		{305A6B58-39D5-48F0-AFBB-603ED1B3449B}.Release|Any CPU.ActiveCfg = Release|Any CPU
		{305A6B58-39D5-48F0-AFBB-603ED1B3449B}.Release|Any CPU.Build.0 = Release|Any CPU
	EndGlobalSection
	GlobalSection(SolutionProperties) = preSolution
		HideSolutionNode = FALSE
	EndGlobalSection
	GlobalSection(ExtensibilityGlobals) = postSolution
		SolutionGuid = {430179B4-14A3-4ED9-A230-85D99794B42C}
	EndGlobalSection
EndGlobal
